// !$*UTF8*$!
{
	archiveVersion = 1;
	classes = {
	};
	objectVersion = 50;
	objects = {

/* Begin PBXBuildFile section */
		20220767229AF2240001B8B4 /* AppDelegate.swift in Sources */ = {isa = PBXBuildFile; fileRef = 20220766229AF2240001B8B4 /* AppDelegate.swift */; };
		20220769229AF2240001B8B4 /* GoalsVC.swift in Sources */ = {isa = PBXBuildFile; fileRef = 20220768229AF2240001B8B4 /* GoalsVC.swift */; };
		2022076C229AF2240001B8B4 /* Main.storyboard in Resources */ = {isa = PBXBuildFile; fileRef = 2022076A229AF2240001B8B4 /* Main.storyboard */; };
		2022076F229AF2240001B8B4 /* Application.xcdatamodeld in Sources */ = {isa = PBXBuildFile; fileRef = 2022076D229AF2240001B8B4 /* Application.xcdatamodeld */; };
		20220771229AF2250001B8B4 /* Assets.xcassets in Resources */ = {isa = PBXBuildFile; fileRef = 20220770229AF2250001B8B4 /* Assets.xcassets */; };
		20220774229AF2250001B8B4 /* LaunchScreen.storyboard in Resources */ = {isa = PBXBuildFile; fileRef = 20220772229AF2250001B8B4 /* LaunchScreen.storyboard */; };
		2022077F229AFC320001B8B4 /* GoalCell.swift in Sources */ = {isa = PBXBuildFile; fileRef = 2022077E229AFC320001B8B4 /* GoalCell.swift */; };
		20D47A60229BD1B3008E1915 /* GoalType.swift in Sources */ = {isa = PBXBuildFile; fileRef = 20D47A5F229BD1B3008E1915 /* GoalType.swift */; };
		20D47A63229BD5D2008E1915 /* CreateGoalsVC.swift in Sources */ = {isa = PBXBuildFile; fileRef = 20D47A62229BD5D2008E1915 /* CreateGoalsVC.swift */; };
		20D47A68229BD7FF008E1915 /* UIViewControllerExt.swift in Sources */ = {isa = PBXBuildFile; fileRef = 20D47A67229BD7FF008E1915 /* UIViewControllerExt.swift */; };
		20D47A6B229C1726008E1915 /* UIViewExt.swift in Sources */ = {isa = PBXBuildFile; fileRef = 20D47A6A229C1726008E1915 /* UIViewExt.swift */; };
		20D47A6D229C1897008E1915 /* UIButtonExt.swift in Sources */ = {isa = PBXBuildFile; fileRef = 20D47A6C229C1897008E1915 /* UIButtonExt.swift */; };
/* End PBXBuildFile section */

/* Begin PBXFileReference section */
		20220763229AF2240001B8B4 /* Application.app */ = {isa = PBXFileReference; explicitFileType = wrapper.application; includeInIndex = 0; path = Application.app; sourceTree = BUILT_PRODUCTS_DIR; };
		20220766229AF2240001B8B4 /* AppDelegate.swift */ = {isa = PBXFileReference; lastKnownFileType = sourcecode.swift; path = AppDelegate.swift; sourceTree = "<group>"; };
		20220768229AF2240001B8B4 /* GoalsVC.swift */ = {isa = PBXFileReference; lastKnownFileType = sourcecode.swift; path = GoalsVC.swift; sourceTree = "<group>"; };
		2022076B229AF2240001B8B4 /* Base */ = {isa = PBXFileReference; lastKnownFileType = file.storyboard; name = Base; path = Base.lproj/Main.storyboard; sourceTree = "<group>"; };
		2022076E229AF2240001B8B4 /* Application.xcdatamodel */ = {isa = PBXFileReference; lastKnownFileType = wrapper.xcdatamodel; path = Application.xcdatamodel; sourceTree = "<group>"; };
		20220770229AF2250001B8B4 /* Assets.xcassets */ = {isa = PBXFileReference; lastKnownFileType = folder.assetcatalog; path = Assets.xcassets; sourceTree = "<group>"; };
		20220773229AF2250001B8B4 /* Base */ = {isa = PBXFileReference; lastKnownFileType = file.storyboard; name = Base; path = Base.lproj/LaunchScreen.storyboard; sourceTree = "<group>"; };
		20220775229AF2250001B8B4 /* Info.plist */ = {isa = PBXFileReference; lastKnownFileType = text.plist.xml; path = Info.plist; sourceTree = "<group>"; };
		2022077E229AFC320001B8B4 /* GoalCell.swift */ = {isa = PBXFileReference; lastKnownFileType = sourcecode.swift; path = GoalCell.swift; sourceTree = "<group>"; };
		20D47A5F229BD1B3008E1915 /* GoalType.swift */ = {isa = PBXFileReference; lastKnownFileType = sourcecode.swift; path = GoalType.swift; sourceTree = "<group>"; };
		20D47A62229BD5D2008E1915 /* CreateGoalsVC.swift */ = {isa = PBXFileReference; lastKnownFileType = sourcecode.swift; path = CreateGoalsVC.swift; sourceTree = "<group>"; };
		20D47A67229BD7FF008E1915 /* UIViewControllerExt.swift */ = {isa = PBXFileReference; lastKnownFileType = sourcecode.swift; path = UIViewControllerExt.swift; sourceTree = "<group>"; };
		20D47A6A229C1726008E1915 /* UIViewExt.swift */ = {isa = PBXFileReference; lastKnownFileType = sourcecode.swift; path = UIViewExt.swift; sourceTree = "<group>"; };
		20D47A6C229C1897008E1915 /* UIButtonExt.swift */ = {isa = PBXFileReference; lastKnownFileType = sourcecode.swift; path = UIButtonExt.swift; sourceTree = "<group>"; };
/* End PBXFileReference section */

/* Begin PBXFrameworksBuildPhase section */
		20220760229AF2240001B8B4 /* Frameworks */ = {
			isa = PBXFrameworksBuildPhase;
			buildActionMask = 2147483647;
			files = (
			);
			runOnlyForDeploymentPostprocessing = 0;
		};
/* End PBXFrameworksBuildPhase section */

/* Begin PBXGroup section */
		2022075A229AF2240001B8B4 = {
			isa = PBXGroup;
			children = (
				20220765229AF2240001B8B4 /* Application */,
				20220764229AF2240001B8B4 /* Products */,
			);
			sourceTree = "<group>";
		};
		20220764229AF2240001B8B4 /* Products */ = {
			isa = PBXGroup;
			children = (
				20220763229AF2240001B8B4 /* Application.app */,
			);
			name = Products;
			sourceTree = "<group>";
		};
		20220765229AF2240001B8B4 /* Application */ = {
			isa = PBXGroup;
			children = (
				20D47A64229BD7BD008E1915 /* Extensions */,
				2022077D229AF2B10001B8B4 /* View */,
				2022077B229AF2AD0001B8B4 /* Controller */,
				20220766229AF2240001B8B4 /* AppDelegate.swift */,
				2022076A229AF2240001B8B4 /* Main.storyboard */,
				20220770229AF2250001B8B4 /* Assets.xcassets */,
				20220772229AF2250001B8B4 /* LaunchScreen.storyboard */,
				20220775229AF2250001B8B4 /* Info.plist */,
				2022076D229AF2240001B8B4 /* Application.xcdatamodeld */,
			);
			path = Application;
			sourceTree = "<group>";
		};
		2022077B229AF2AD0001B8B4 /* Controller */ = {
			isa = PBXGroup;
			children = (
				20220768229AF2240001B8B4 /* GoalsVC.swift */,
				20D47A62229BD5D2008E1915 /* CreateGoalsVC.swift */,
			);
			path = Controller;
			sourceTree = "<group>";
		};
		2022077D229AF2B10001B8B4 /* View */ = {
			isa = PBXGroup;
			children = (
				2022077E229AFC320001B8B4 /* GoalCell.swift */,
				20D47A5F229BD1B3008E1915 /* GoalType.swift */,
			);
			path = View;
			sourceTree = "<group>";
		};
		20D47A64229BD7BD008E1915 /* Extensions */ = {
			isa = PBXGroup;
			children = (
				20D47A67229BD7FF008E1915 /* UIViewControllerExt.swift */,
				20D47A6A229C1726008E1915 /* UIViewExt.swift */,
				20D47A6C229C1897008E1915 /* UIButtonExt.swift */,
			);
			path = Extensions;
			sourceTree = "<group>";
		};
/* End PBXGroup section */

/* Begin PBXNativeTarget section */
		20220762229AF2240001B8B4 /* Application */ = {
			isa = PBXNativeTarget;
			buildConfigurationList = 20220778229AF2250001B8B4 /* Build configuration list for PBXNativeTarget "Application" */;
			buildPhases = (
				2022075F229AF2240001B8B4 /* Sources */,
				20220760229AF2240001B8B4 /* Frameworks */,
				20220761229AF2240001B8B4 /* Resources */,
			);
			buildRules = (
			);
			dependencies = (
			);
			name = Application;
			productName = Application;
			productReference = 20220763229AF2240001B8B4 /* Application.app */;
			productType = "com.apple.product-type.application";
		};
/* End PBXNativeTarget section */

/* Begin PBXProject section */
		2022075B229AF2240001B8B4 /* Project object */ = {
			isa = PBXProject;
			attributes = {
				LastSwiftUpdateCheck = 1020;
				LastUpgradeCheck = 1020;
				ORGANIZATIONNAME = "Himanshu Joshi";
				TargetAttributes = {
					20220762229AF2240001B8B4 = {
						CreatedOnToolsVersion = 10.2.1;
					};
				};
			};
			buildConfigurationList = 2022075E229AF2240001B8B4 /* Build configuration list for PBXProject "Application" */;
			compatibilityVersion = "Xcode 9.3";
			developmentRegion = en;
			hasScannedForEncodings = 0;
			knownRegions = (
				en,
				Base,
			);
			mainGroup = 2022075A229AF2240001B8B4;
			productRefGroup = 20220764229AF2240001B8B4 /* Products */;
			projectDirPath = "";
			projectRoot = "";
			targets = (
				20220762229AF2240001B8B4 /* Application */,
			);
		};
/* End PBXProject section */

/* Begin PBXResourcesBuildPhase section */
		20220761229AF2240001B8B4 /* Resources */ = {
			isa = PBXResourcesBuildPhase;
			buildActionMask = 2147483647;
			files = (
				20220774229AF2250001B8B4 /* LaunchScreen.storyboard in Resources */,
				20220771229AF2250001B8B4 /* Assets.xcassets in Resources */,
				2022076C229AF2240001B8B4 /* Main.storyboard in Resources */,
			);
			runOnlyForDeploymentPostprocessing = 0;
		};
/* End PBXResourcesBuildPhase section */

/* Begin PBXSourcesBuildPhase section */
		2022075F229AF2240001B8B4 /* Sources */ = {
			isa = PBXSourcesBuildPhase;
			buildActionMask = 2147483647;
			files = (
				2022077F229AFC320001B8B4 /* GoalCell.swift in Sources */,
				20D47A60229BD1B3008E1915 /* GoalType.swift in Sources */,
				2022076F229AF2240001B8B4 /* Application.xcdatamodeld in Sources */,
				20220769229AF2240001B8B4 /* GoalsVC.swift in Sources */,
				20D47A6B229C1726008E1915 /* UIViewExt.swift in Sources */,
				20220767229AF2240001B8B4 /* AppDelegate.swift in Sources */,
				20D47A68229BD7FF008E1915 /* UIViewControllerExt.swift in Sources */,
				20D47A6D229C1897008E1915 /* UIButtonExt.swift in Sources */,
				20D47A63229BD5D2008E1915 /* CreateGoalsVC.swift in Sources */,
			);
			runOnlyForDeploymentPostprocessing = 0;
		};
/* End PBXSourcesBuildPhase section */

/* Begin PBXVariantGroup section */
		2022076A229AF2240001B8B4 /* Main.storyboard */ = {
			isa = PBXVariantGroup;
			children = (
				2022076B229AF2240001B8B4 /* Base */,
			);
			name = Main.storyboard;
			sourceTree = "<group>";
		};
		20220772229AF2250001B8B4 /* LaunchScreen.storyboard */ = {
			isa = PBXVariantGroup;
			children = (
				20220773229AF2250001B8B4 /* Base */,
			);
			name = LaunchScreen.storyboard;
			sourceTree = "<group>";
		};
/* End PBXVariantGroup section */

/* Begin XCBuildConfiguration section */
		20220776229AF2250001B8B4 /* Debug */ = {
			isa = XCBuildConfiguration;
			buildSettings = {
				ALWAYS_SEARCH_USER_PATHS = NO;
				CLANG_ANALYZER_NONNULL = YES;
				CLANG_ANALYZER_NUMBER_OBJECT_CONVERSION = YES_AGGRESSIVE;
				CLANG_CXX_LANGUAGE_STANDARD = "gnu++14";
				CLANG_CXX_LIBRARY = "libc++";
				CLANG_ENABLE_MODULES = YES;
				CLANG_ENABLE_OBJC_ARC = YES;
				CLANG_ENABLE_OBJC_WEAK = YES;
				CLANG_WARN_BLOCK_CAPTURE_AUTORELEASING = YES;
				CLANG_WARN_BOOL_CONVERSION = YES;
				CLANG_WARN_COMMA = YES;
				CLANG_WARN_CONSTANT_CONVERSION = YES;
				CLANG_WARN_DEPRECATED_OBJC_IMPLEMENTATIONS = YES;
				CLANG_WARN_DIRECT_OBJC_ISA_USAGE = YES_ERROR;
				CLANG_WARN_DOCUMENTATION_COMMENTS = YES;
				CLANG_WARN_EMPTY_BODY = YES;
				CLANG_WARN_ENUM_CONVERSION = YES;
				CLANG_WARN_INFINITE_RECURSION = YES;
				CLANG_WARN_INT_CONVERSION = YES;
				CLANG_WARN_NON_LITERAL_NULL_CONVERSION = YES;
				CLANG_WARN_OBJC_IMPLICIT_RETAIN_SELF = YES;
				CLANG_WARN_OBJC_LITERAL_CONVERSION = YES;
				CLANG_WARN_OBJC_ROOT_CLASS = YES_ERROR;
				CLANG_WARN_RANGE_LOOP_ANALYSIS = YES;
				CLANG_WARN_STRICT_PROTOTYPES = YES;
				CLANG_WARN_SUSPICIOUS_MOVE = YES;
				CLANG_WARN_UNGUARDED_AVAILABILITY = YES_AGGRESSIVE;
				CLANG_WARN_UNREACHABLE_CODE = YES;
				CLANG_WARN__DUPLICATE_METHOD_MATCH = YES;
				CODE_SIGN_IDENTITY = "iPhone Developer";
				COPY_PHASE_STRIP = NO;
				DEBUG_INFORMATION_FORMAT = dwarf;
				ENABLE_STRICT_OBJC_MSGSEND = YES;
				ENABLE_TESTABILITY = YES;
				GCC_C_LANGUAGE_STANDARD = gnu11;
				GCC_DYNAMIC_NO_PIC = NO;
				GCC_NO_COMMON_BLOCKS = YES;
				GCC_OPTIMIZATION_LEVEL = 0;
				GCC_PREPROCESSOR_DEFINITIONS = (
					"DEBUG=1",
					"$(inherited)",
				);
				GCC_WARN_64_TO_32_BIT_CONVERSION = YES;
				GCC_WARN_ABOUT_RETURN_TYPE = YES_ERROR;
				GCC_WARN_UNDECLARED_SELECTOR = YES;
				GCC_WARN_UNINITIALIZED_AUTOS = YES_AGGRESSIVE;
				GCC_WARN_UNUSED_FUNCTION = YES;
				GCC_WARN_UNUSED_VARIABLE = YES;
				IPHONEOS_DEPLOYMENT_TARGET = 12.2;
				MTL_ENABLE_DEBUG_INFO = INCLUDE_SOURCE;
				MTL_FAST_MATH = YES;
				ONLY_ACTIVE_ARCH = YES;
				SDKROOT = iphoneos;
				SWIFT_ACTIVE_COMPILATION_CONDITIONS = DEBUG;
				SWIFT_OPTIMIZATION_LEVEL = "-Onone";
			};
			name = Debug;
		};
		20220777229AF2250001B8B4 /* Release */ = {
			isa = XCBuildConfiguration;
			buildSettings = {
				ALWAYS_SEARCH_USER_PATHS = NO;
				CLANG_ANALYZER_NONNULL = YES;
				CLANG_ANALYZER_NUMBER_OBJECT_CONVERSION = YES_AGGRESSIVE;
				CLANG_CXX_LANGUAGE_STANDARD = "gnu++14";
				CLANG_CXX_LIBRARY = "libc++";
				CLANG_ENABLE_MODULES = YES;
				CLANG_ENABLE_OBJC_ARC = YES;
				CLANG_ENABLE_OBJC_WEAK = YES;
				CLANG_WARN_BLOCK_CAPTURE_AUTORELEASING = YES;
				CLANG_WARN_BOOL_CONVERSION = YES;
				CLANG_WARN_COMMA = YES;
				CLANG_WARN_CONSTANT_CONVERSION = YES;
				CLANG_WARN_DEPRECATED_OBJC_IMPLEMENTATIONS = YES;
				CLANG_WARN_DIRECT_OBJC_ISA_USAGE = YES_ERROR;
				CLANG_WARN_DOCUMENTATION_COMMENTS = YES;
				CLANG_WARN_EMPTY_BODY = YES;
				CLANG_WARN_ENUM_CONVERSION = YES;
				CLANG_WARN_INFINITE_RECURSION = YES;
				CLANG_WARN_INT_CONVERSION = YES;
				CLANG_WARN_NON_LITERAL_NULL_CONVERSION = YES;
				CLANG_WARN_OBJC_IMPLICIT_RETAIN_SELF = YES;
				CLANG_WARN_OBJC_LITERAL_CONVERSION = YES;
				CLANG_WARN_OBJC_ROOT_CLASS = YES_ERROR;
				CLANG_WARN_RANGE_LOOP_ANALYSIS = YES;
				CLANG_WARN_STRICT_PROTOTYPES = YES;
				CLANG_WARN_SUSPICIOUS_MOVE = YES;
				CLANG_WARN_UNGUARDED_AVAILABILITY = YES_AGGRESSIVE;
				CLANG_WARN_UNREACHABLE_CODE = YES;
				CLANG_WARN__DUPLICATE_METHOD_MATCH = YES;
				CODE_SIGN_IDENTITY = "iPhone Developer";
				COPY_PHASE_STRIP = NO;
				DEBUG_INFORMATION_FORMAT = "dwarf-with-dsym";
				ENABLE_NS_ASSERTIONS = NO;
				ENABLE_STRICT_OBJC_MSGSEND = YES;
				GCC_C_LANGUAGE_STANDARD = gnu11;
				GCC_NO_COMMON_BLOCKS = YES;
				GCC_WARN_64_TO_32_BIT_CONVERSION = YES;
				GCC_WARN_ABOUT_RETURN_TYPE = YES_ERROR;
				GCC_WARN_UNDECLARED_SELECTOR = YES;
				GCC_WARN_UNINITIALIZED_AUTOS = YES_AGGRESSIVE;
				GCC_WARN_UNUSED_FUNCTION = YES;
				GCC_WARN_UNUSED_VARIABLE = YES;
				IPHONEOS_DEPLOYMENT_TARGET = 12.2;
				MTL_ENABLE_DEBUG_INFO = NO;
				MTL_FAST_MATH = YES;
				SDKROOT = iphoneos;
				SWIFT_COMPILATION_MODE = wholemodule;
				SWIFT_OPTIMIZATION_LEVEL = "-O";
				VALIDATE_PRODUCT = YES;
			};
			name = Release;
		};
		20220779229AF2250001B8B4 /* Debug */ = {
			isa = XCBuildConfiguration;
			buildSettings = {
				ASSETCATALOG_COMPILER_APPICON_NAME = AppIcon;
				CODE_SIGN_STYLE = Automatic;
				DEVELOPMENT_TEAM = 7AXP552NXR;
				INFOPLIST_FILE = Application/Info.plist;
				LD_RUNPATH_SEARCH_PATHS = (
					"$(inherited)",
					"@executable_path/Frameworks",
				);
				PRODUCT_BUNDLE_IDENTIFIER = com.himanshu.Application;
				PRODUCT_NAME = "$(TARGET_NAME)";
				SWIFT_VERSION = 5.0;
				TARGETED_DEVICE_FAMILY = "1,2";
			};
			name = Debug;
		};
		2022077A229AF2250001B8B4 /* Release */ = {
			isa = XCBuildConfiguration;
			buildSettings = {
				ASSETCATALOG_COMPILER_APPICON_NAME = AppIcon;
				CODE_SIGN_STYLE = Automatic;
				DEVELOPMENT_TEAM = 7AXP552NXR;
				INFOPLIST_FILE = Application/Info.plist;
				LD_RUNPATH_SEARCH_PATHS = (
					"$(inherited)",
					"@executable_path/Frameworks",
				);
				PRODUCT_BUNDLE_IDENTIFIER = com.himanshu.Application;
				PRODUCT_NAME = "$(TARGET_NAME)";
				SWIFT_VERSION = 5.0;
				TARGETED_DEVICE_FAMILY = "1,2";
			};
			name = Release;
		};
/* End XCBuildConfiguration section */

/* Begin XCConfigurationList section */
		2022075E229AF2240001B8B4 /* Build configuration list for PBXProject "Application" */ = {
			isa = XCConfigurationList;
			buildConfigurations = (
				20220776229AF2250001B8B4 /* Debug */,
				20220777229AF2250001B8B4 /* Release */,
			);
			defaultConfigurationIsVisible = 0;
			defaultConfigurationName = Release;
		};
		20220778229AF2250001B8B4 /* Build configuration list for PBXNativeTarget "Application" */ = {
			isa = XCConfigurationList;
			buildConfigurations = (
				20220779229AF2250001B8B4 /* Debug */,
				2022077A229AF2250001B8B4 /* Release */,
			);
			defaultConfigurationIsVisible = 0;
			defaultConfigurationName = Release;
		};
/* End XCConfigurationList section */

/* Begin XCVersionGroup section */
		2022076D229AF2240001B8B4 /* Application.xcdatamodeld */ = {
			isa = XCVersionGroup;
			children = (
				2022076E229AF2240001B8B4 /* Application.xcdatamodel */,
			);
			currentVersion = 2022076E229AF2240001B8B4 /* Application.xcdatamodel */;
			path = Application.xcdatamodeld;
			sourceTree = "<group>";
			versionGroupType = wrapper.xcdatamodel;
		};
/* End XCVersionGroup section */
	};
	rootObject = 2022075B229AF2240001B8B4 /* Project object */;
}
